
Microsoft Visual Studio Solution File, Format Version 12.00
# Visual Studio Version 17
VisualStudioVersion = 17.4.33103.184
MinimumVisualStudioVersion = 10.0.40219.1
Project("{FAE04EC0-301F-11D3-BF4B-00C04F79EFBC}") = "store system", "store system\store system.csproj", "{46A20A64-8A3C-484D-8D0E-6BAE8BD8FD98}"
EndProject
Global
	GlobalSection(SolutionConfigurationPlatforms) = preSolution
		Debug|Any CPU = Debug|Any CPU
		Release|Any CPU = Release|Any CPU
	EndGlobalSection
	GlobalSection(ProjectConfigurationPlatforms) = postSolution
		{46A20A64-8A3C-484D-8D0E-6BAE8BD8FD98}.Debug|Any CPU.ActiveCfg = Debug|Any CPU
		{46A20A64-8A3C-484D-8D0E-6BAE8BD8FD98}.Debug|Any CPU.Build.0 = Debug|Any CPU
		{46A20A64-8A3C-484D-8D0E-6BAE8BD8FD98}.Release|Any CPU.ActiveCfg = Release|Any CPU
		{46A20A64-8A3C-484D-8D0E-6BAE8BD8FD98}.Release|Any CPU.Build.0 = Release|Any CPU
	EndGlobalSection
	GlobalSection(SolutionProperties) = preSolution
		HideSolutionNode = FALSE
	EndGlobalSection
	GlobalSection(ExtensibilityGlobals) = postSolution
		SolutionGuid = {1532EB42-A8DD-4E97-AF20-3A20BDA73C45}
	EndGlobalSection
EndGlobal
